
Microsoft Visual Studio Solution File, Format Version 12.00
# Visual Studio Version 17
VisualStudioVersion = 17.3.32804.467
MinimumVisualStudioVersion = 10.0.40219.1
Project("{FAE04EC0-301F-11D3-BF4B-00C04F79EFBC}") = "EShopSystem", "EShopSystem.csproj", "{A1FB8425-6518-472B-BDAF-40D2B0B362D9}"
EndProject
Global
	GlobalSection(SolutionConfigurationPlatforms) = preSolution
		Debug|Any CPU = Debug|Any CPU
		Release|Any CPU = Release|Any CPU
	EndGlobalSection
	GlobalSection(ProjectConfigurationPlatforms) = postSolution
		{A1FB8425-6518-472B-BDAF-40D2B0B362D9}.Debug|Any CPU.ActiveCfg = Debug|Any CPU
		{A1FB8425-6518-472B-BDAF-40D2B0B362D9}.Debug|Any CPU.Build.0 = Debug|Any CPU
		{A1FB8425-6518-472B-BDAF-40D2B0B362D9}.Release|Any CPU.ActiveCfg = Release|Any CPU
		{A1FB8425-6518-472B-BDAF-40D2B0B362D9}.Release|Any CPU.Build.0 = Release|Any CPU
	EndGlobalSection
	GlobalSection(SolutionProperties) = preSolution
		HideSolutionNode = FALSE
	EndGlobalSection
	GlobalSection(ExtensibilityGlobals) = postSolution
		SolutionGuid = {F9FF5F5F-7F23-4EA8-97F9-4A84DBEC6271}
	EndGlobalSection
EndGlobal
